{
    "_meta": {
        "hash": {
            "sha256": "ac3a49aa6c85294f8308eaf316228a6e549f85fc103626ce88bb7a9446a1df1c"
        },
        "pipfile-spec": 6,
        "requires": {
            "python_version": "3.8"
        },
        "sources": [
            {
                "name": "pypi",
                "url": "https://pypi.org/simple",
                "verify_ssl": true
            }
        ]
    },
    "default": {
        "fonttools": {
            "hashes": [
                "sha256:0c16d5da7846a92aedcb448277d13d3b729f7de48a917768d97ebd0d17067d7f",
                "sha256:bd93818f304b7f0d087e8ca9b5b3ed0819a68fb6c1a4763134a92bb046c2c31b"
            ],
            "index": "pypi",
            "version": "==4.3.0"
        },
        "tqdm": {
            "hashes": [
                "sha256:251ee8440dbda126b8dfa8a7c028eb3f13704898caaef7caa699b35e119301e2",
                "sha256:fe231261cfcbc6f4a99165455f8f6b9ef4e1032a6e29bccf168b4bf42012f09c"
            ],
            "index": "pypi",
            "version": "==4.42.1"
        }
    },
    "develop": {}
}
